{
  "name": "meeting-protocol-system",
  "version": "0.1.0",
  "lockfileVersion": 3,
  "requires": true,
  "packages": {
    "": {
      "name": "meeting-protocol-system",
      "version": "0.1.0",
      "workspaces": [
        "backend",
        "frontend"
      ]
    },
    "backend": {
      "name": "meeting-protocol-backend",
      "version": "0.1.0"
    },
    "frontend": {
      "name": "meeting-protocol-frontend",
      "version": "0.1.0"
    },
    "node_modules/meeting-protocol-backend": {
      "resolved": "backend",
      "link": true
    },
    "node_modules/meeting-protocol-frontend": {
      "resolved": "frontend",
      "link": true
    }
  }
}
